// !$*UTF8*$!
{
	archiveVersion = 1;
	classes = {
	};
	objectVersion = 52;
	objects = {

/* Begin PBXBuildFile section */
		B83BD8C2266D9F4C008270E4 /* AppDelegate.swift in Sources */ = {isa = PBXBuildFile; fileRef = B83BD8C1266D9F4C008270E4 /* AppDelegate.swift */; };
		B83BD8C4266D9F4C008270E4 /* SceneDelegate.swift in Sources */ = {isa = PBXBuildFile; fileRef = B83BD8C3266D9F4C008270E4 /* SceneDelegate.swift */; };
		B83BD8C6266D9F4C008270E4 /* XkcdMainViewController.swift in Sources */ = {isa = PBXBuildFile; fileRef = B83BD8C5266D9F4C008270E4 /* XkcdMainViewController.swift */; };
		B83BD8C9266D9F4C008270E4 /* Main.storyboard in Resources */ = {isa = PBXBuildFile; fileRef = B83BD8C7266D9F4C008270E4 /* Main.storyboard */; };
		B83BD8CB266D9F4C008270E4 /* Assets.xcassets in Resources */ = {isa = PBXBuildFile; fileRef = B83BD8CA266D9F4C008270E4 /* Assets.xcassets */; };
		B83BD8CE266D9F4C008270E4 /* LaunchScreen.storyboard in Resources */ = {isa = PBXBuildFile; fileRef = B83BD8CC266D9F4C008270E4 /* LaunchScreen.storyboard */; };
		B83BD8DA266DB322008270E4 /* XckdComic.swift in Sources */ = {isa = PBXBuildFile; fileRef = B83BD8D9266DB322008270E4 /* XckdComic.swift */; };
		B83BD8DF266DB657008270E4 /* SDWebImage in Frameworks */ = {isa = PBXBuildFile; productRef = B83BD8DE266DB657008270E4 /* SDWebImage */; };
/* End PBXBuildFile section */

/* Begin PBXFileReference section */
		B83BD8BE266D9F4C008270E4 /* xkcd viewer (Experion).app */ = {isa = PBXFileReference; explicitFileType = wrapper.application; includeInIndex = 0; path = "xkcd viewer (Experion).app"; sourceTree = BUILT_PRODUCTS_DIR; };
		B83BD8C1266D9F4C008270E4 /* AppDelegate.swift */ = {isa = PBXFileReference; lastKnownFileType = sourcecode.swift; path = AppDelegate.swift; sourceTree = "<group>"; };
		B83BD8C3266D9F4C008270E4 /* SceneDelegate.swift */ = {isa = PBXFileReference; lastKnownFileType = sourcecode.swift; path = SceneDelegate.swift; sourceTree = "<group>"; };
		B83BD8C5266D9F4C008270E4 /* XkcdMainViewController.swift */ = {isa = PBXFileReference; lastKnownFileType = sourcecode.swift; path = XkcdMainViewController.swift; sourceTree = "<group>"; };
		B83BD8C8266D9F4C008270E4 /* Base */ = {isa = PBXFileReference; lastKnownFileType = file.storyboard; name = Base; path = Base.lproj/Main.storyboard; sourceTree = "<group>"; };
		B83BD8CA266D9F4C008270E4 /* Assets.xcassets */ = {isa = PBXFileReference; lastKnownFileType = folder.assetcatalog; path = Assets.xcassets; sourceTree = "<group>"; };
		B83BD8CD266D9F4C008270E4 /* Base */ = {isa = PBXFileReference; lastKnownFileType = file.storyboard; name = Base; path = Base.lproj/LaunchScreen.storyboard; sourceTree = "<group>"; };
		B83BD8CF266D9F4C008270E4 /* Info.plist */ = {isa = PBXFileReference; lastKnownFileType = text.plist.xml; path = Info.plist; sourceTree = "<group>"; };
		B83BD8D9266DB322008270E4 /* XckdComic.swift */ = {isa = PBXFileReference; lastKnownFileType = sourcecode.swift; path = XckdComic.swift; sourceTree = "<group>"; };
/* End PBXFileReference section */

/* Begin PBXFrameworksBuildPhase section */
		B83BD8BB266D9F4C008270E4 /* Frameworks */ = {
			isa = PBXFrameworksBuildPhase;
			buildActionMask = 2147483647;
			files = (
				B83BD8DF266DB657008270E4 /* SDWebImage in Frameworks */,
			);
			runOnlyForDeploymentPostprocessing = 0;
		};
/* End PBXFrameworksBuildPhase section */

/* Begin PBXGroup section */
		B83BD8B5266D9F4C008270E4 = {
			isa = PBXGroup;
			children = (
				B83BD8C0266D9F4C008270E4 /* xkcd viewer (Experion) */,
				B83BD8BF266D9F4C008270E4 /* Products */,
			);
			sourceTree = "<group>";
		};
		B83BD8BF266D9F4C008270E4 /* Products */ = {
			isa = PBXGroup;
			children = (
				B83BD8BE266D9F4C008270E4 /* xkcd viewer (Experion).app */,
			);
			name = Products;
			sourceTree = "<group>";
		};
		B83BD8C0266D9F4C008270E4 /* xkcd viewer (Experion) */ = {
			isa = PBXGroup;
			children = (
				B83BD8D8266D9FB7008270E4 /* Extensions */,
				B83BD8D6266D9F9A008270E4 /* Models */,
				B83BD8D5266D9F8E008270E4 /* View Controllers */,
				B83BD8C1266D9F4C008270E4 /* AppDelegate.swift */,
				B83BD8C3266D9F4C008270E4 /* SceneDelegate.swift */,
				B83BD8C7266D9F4C008270E4 /* Main.storyboard */,
				B83BD8CA266D9F4C008270E4 /* Assets.xcassets */,
				B83BD8CC266D9F4C008270E4 /* LaunchScreen.storyboard */,
				B83BD8CF266D9F4C008270E4 /* Info.plist */,
			);
			path = "xkcd viewer (Experion)";
			sourceTree = "<group>";
		};
		B83BD8D5266D9F8E008270E4 /* View Controllers */ = {
			isa = PBXGroup;
			children = (
				B83BD8C5266D9F4C008270E4 /* XkcdMainViewController.swift */,
			);
			path = "View Controllers";
			sourceTree = "<group>";
		};
		B83BD8D6266D9F9A008270E4 /* Models */ = {
			isa = PBXGroup;
			children = (
				B83BD8D9266DB322008270E4 /* XckdComic.swift */,
			);
			path = Models;
			sourceTree = "<group>";
		};
		B83BD8D8266D9FB7008270E4 /* Extensions */ = {
			isa = PBXGroup;
			children = (
			);
			path = Extensions;
			sourceTree = "<group>";
		};
/* End PBXGroup section */

/* Begin PBXNativeTarget section */
		B83BD8BD266D9F4C008270E4 /* xkcd viewer (Experion) */ = {
			isa = PBXNativeTarget;
			buildConfigurationList = B83BD8D2266D9F4C008270E4 /* Build configuration list for PBXNativeTarget "xkcd viewer (Experion)" */;
			buildPhases = (
				B83BD8BA266D9F4C008270E4 /* Sources */,
				B83BD8BB266D9F4C008270E4 /* Frameworks */,
				B83BD8BC266D9F4C008270E4 /* Resources */,
			);
			buildRules = (
			);
			dependencies = (
			);
			name = "xkcd viewer (Experion)";
			packageProductDependencies = (
				B83BD8DE266DB657008270E4 /* SDWebImage */,
			);
			productName = "xkcd viewer (Experion)";
			productReference = B83BD8BE266D9F4C008270E4 /* xkcd viewer (Experion).app */;
			productType = "com.apple.product-type.application";
		};
/* End PBXNativeTarget section */

/* Begin PBXProject section */
		B83BD8B6266D9F4C008270E4 /* Project object */ = {
			isa = PBXProject;
			attributes = {
				LastSwiftUpdateCheck = 1250;
				LastUpgradeCheck = 1250;
				TargetAttributes = {
					B83BD8BD266D9F4C008270E4 = {
						CreatedOnToolsVersion = 12.5;
					};
				};
			};
			buildConfigurationList = B83BD8B9266D9F4C008270E4 /* Build configuration list for PBXProject "xkcd viewer (Experion)" */;
			compatibilityVersion = "Xcode 9.3";
			developmentRegion = en;
			hasScannedForEncodings = 0;
			knownRegions = (
				en,
				Base,
			);
			mainGroup = B83BD8B5266D9F4C008270E4;
			packageReferences = (
				B83BD8DD266DB657008270E4 /* XCRemoteSwiftPackageReference "SDWebImage" */,
			);
			productRefGroup = B83BD8BF266D9F4C008270E4 /* Products */;
			projectDirPath = "";
			projectRoot = "";
			targets = (
				B83BD8BD266D9F4C008270E4 /* xkcd viewer (Experion) */,
			);
		};
/* End PBXProject section */

/* Begin PBXResourcesBuildPhase section */
		B83BD8BC266D9F4C008270E4 /* Resources */ = {
			isa = PBXResourcesBuildPhase;
			buildActionMask = 2147483647;
			files = (
				B83BD8CE266D9F4C008270E4 /* LaunchScreen.storyboard in Resources */,
				B83BD8CB266D9F4C008270E4 /* Assets.xcassets in Resources */,
				B83BD8C9266D9F4C008270E4 /* Main.storyboard in Resources */,
			);
			runOnlyForDeploymentPostprocessing = 0;
		};
/* End PBXResourcesBuildPhase section */

/* Begin PBXSourcesBuildPhase section */
		B83BD8BA266D9F4C008270E4 /* Sources */ = {
			isa = PBXSourcesBuildPhase;
			buildActionMask = 2147483647;
			files = (
				B83BD8C6266D9F4C008270E4 /* XkcdMainViewController.swift in Sources */,
				B83BD8C2266D9F4C008270E4 /* AppDelegate.swift in Sources */,
				B83BD8C4266D9F4C008270E4 /* SceneDelegate.swift in Sources */,
				B83BD8DA266DB322008270E4 /* XckdComic.swift in Sources */,
			);
			runOnlyForDeploymentPostprocessing = 0;
		};
/* End PBXSourcesBuildPhase section */

/* Begin PBXVariantGroup section */
		B83BD8C7266D9F4C008270E4 /* Main.storyboard */ = {
			isa = PBXVariantGroup;
			children = (
				B83BD8C8266D9F4C008270E4 /* Base */,
			);
			name = Main.storyboard;
			sourceTree = "<group>";
		};
		B83BD8CC266D9F4C008270E4 /* LaunchScreen.storyboard */ = {
			isa = PBXVariantGroup;
			children = (
				B83BD8CD266D9F4C008270E4 /* Base */,
			);
			name = LaunchScreen.storyboard;
			sourceTree = "<group>";
		};
/* End PBXVariantGroup section */

/* Begin XCBuildConfiguration section */
		B83BD8D0266D9F4C008270E4 /* Debug */ = {
			isa = XCBuildConfiguration;
			buildSettings = {
				ALWAYS_SEARCH_USER_PATHS = NO;
				CLANG_ANALYZER_NONNULL = YES;
				CLANG_ANALYZER_NUMBER_OBJECT_CONVERSION = YES_AGGRESSIVE;
				CLANG_CXX_LANGUAGE_STANDARD = "gnu++14";
				CLANG_CXX_LIBRARY = "libc++";
				CLANG_ENABLE_MODULES = YES;
				CLANG_ENABLE_OBJC_ARC = YES;
				CLANG_ENABLE_OBJC_WEAK = YES;
				CLANG_WARN_BLOCK_CAPTURE_AUTORELEASING = YES;
				CLANG_WARN_BOOL_CONVERSION = YES;
				CLANG_WARN_COMMA = YES;
				CLANG_WARN_CONSTANT_CONVERSION = YES;
				CLANG_WARN_DEPRECATED_OBJC_IMPLEMENTATIONS = YES;
				CLANG_WARN_DIRECT_OBJC_ISA_USAGE = YES_ERROR;
				CLANG_WARN_DOCUMENTATION_COMMENTS = YES;
				CLANG_WARN_EMPTY_BODY = YES;
				CLANG_WARN_ENUM_CONVERSION = YES;
				CLANG_WARN_INFINITE_RECURSION = YES;
				CLANG_WARN_INT_CONVERSION = YES;
				CLANG_WARN_NON_LITERAL_NULL_CONVERSION = YES;
				CLANG_WARN_OBJC_IMPLICIT_RETAIN_SELF = YES;
				CLANG_WARN_OBJC_LITERAL_CONVERSION = YES;
				CLANG_WARN_OBJC_ROOT_CLASS = YES_ERROR;
				CLANG_WARN_QUOTED_INCLUDE_IN_FRAMEWORK_HEADER = YES;
				CLANG_WARN_RANGE_LOOP_ANALYSIS = YES;
				CLANG_WARN_STRICT_PROTOTYPES = YES;
				CLANG_WARN_SUSPICIOUS_MOVE = YES;
				CLANG_WARN_UNGUARDED_AVAILABILITY = YES_AGGRESSIVE;
				CLANG_WARN_UNREACHABLE_CODE = YES;
				CLANG_WARN__DUPLICATE_METHOD_MATCH = YES;
				COPY_PHASE_STRIP = NO;
				DEBUG_INFORMATION_FORMAT = dwarf;
				ENABLE_STRICT_OBJC_MSGSEND = YES;
				ENABLE_TESTABILITY = YES;
				GCC_C_LANGUAGE_STANDARD = gnu11;
				GCC_DYNAMIC_NO_PIC = NO;
				GCC_NO_COMMON_BLOCKS = YES;
				GCC_OPTIMIZATION_LEVEL = 0;
				GCC_PREPROCESSOR_DEFINITIONS = (
					"DEBUG=1",
					"$(inherited)",
				);
				GCC_WARN_64_TO_32_BIT_CONVERSION = YES;
				GCC_WARN_ABOUT_RETURN_TYPE = YES_ERROR;
				GCC_WARN_UNDECLARED_SELECTOR = YES;
				GCC_WARN_UNINITIALIZED_AUTOS = YES_AGGRESSIVE;
				GCC_WARN_UNUSED_FUNCTION = YES;
				GCC_WARN_UNUSED_VARIABLE = YES;
				IPHONEOS_DEPLOYMENT_TARGET = 14.5;
				MTL_ENABLE_DEBUG_INFO = INCLUDE_SOURCE;
				MTL_FAST_MATH = YES;
				ONLY_ACTIVE_ARCH = YES;
				SDKROOT = iphoneos;
				SWIFT_ACTIVE_COMPILATION_CONDITIONS = DEBUG;
				SWIFT_OPTIMIZATION_LEVEL = "-Onone";
			};
			name = Debug;
		};
		B83BD8D1266D9F4C008270E4 /* Release */ = {
			isa = XCBuildConfiguration;
			buildSettings = {
				ALWAYS_SEARCH_USER_PATHS = NO;
				CLANG_ANALYZER_NONNULL = YES;
				CLANG_ANALYZER_NUMBER_OBJECT_CONVERSION = YES_AGGRESSIVE;
				CLANG_CXX_LANGUAGE_STANDARD = "gnu++14";
				CLANG_CXX_LIBRARY = "libc++";
				CLANG_ENABLE_MODULES = YES;
				CLANG_ENABLE_OBJC_ARC = YES;
				CLANG_ENABLE_OBJC_WEAK = YES;
				CLANG_WARN_BLOCK_CAPTURE_AUTORELEASING = YES;
				CLANG_WARN_BOOL_CONVERSION = YES;
				CLANG_WARN_COMMA = YES;
				CLANG_WARN_CONSTANT_CONVERSION = YES;
				CLANG_WARN_DEPRECATED_OBJC_IMPLEMENTATIONS = YES;
				CLANG_WARN_DIRECT_OBJC_ISA_USAGE = YES_ERROR;
				CLANG_WARN_DOCUMENTATION_COMMENTS = YES;
				CLANG_WARN_EMPTY_BODY = YES;
				CLANG_WARN_ENUM_CONVERSION = YES;
				CLANG_WARN_INFINITE_RECURSION = YES;
				CLANG_WARN_INT_CONVERSION = YES;
				CLANG_WARN_NON_LITERAL_NULL_CONVERSION = YES;
				CLANG_WARN_OBJC_IMPLICIT_RETAIN_SELF = YES;
				CLANG_WARN_OBJC_LITERAL_CONVERSION = YES;
				CLANG_WARN_OBJC_ROOT_CLASS = YES_ERROR;
				CLANG_WARN_QUOTED_INCLUDE_IN_FRAMEWORK_HEADER = YES;
				CLANG_WARN_RANGE_LOOP_ANALYSIS = YES;
				CLANG_WARN_STRICT_PROTOTYPES = YES;
				CLANG_WARN_SUSPICIOUS_MOVE = YES;
				CLANG_WARN_UNGUARDED_AVAILABILITY = YES_AGGRESSIVE;
				CLANG_WARN_UNREACHABLE_CODE = YES;
				CLANG_WARN__DUPLICATE_METHOD_MATCH = YES;
				COPY_PHASE_STRIP = NO;
				DEBUG_INFORMATION_FORMAT = "dwarf-with-dsym";
				ENABLE_NS_ASSERTIONS = NO;
				ENABLE_STRICT_OBJC_MSGSEND = YES;
				GCC_C_LANGUAGE_STANDARD = gnu11;
				GCC_NO_COMMON_BLOCKS = YES;
				GCC_WARN_64_TO_32_BIT_CONVERSION = YES;
				GCC_WARN_ABOUT_RETURN_TYPE = YES_ERROR;
				GCC_WARN_UNDECLARED_SELECTOR = YES;
				GCC_WARN_UNINITIALIZED_AUTOS = YES_AGGRESSIVE;
				GCC_WARN_UNUSED_FUNCTION = YES;
				GCC_WARN_UNUSED_VARIABLE = YES;
				IPHONEOS_DEPLOYMENT_TARGET = 14.5;
				MTL_ENABLE_DEBUG_INFO = NO;
				MTL_FAST_MATH = YES;
				SDKROOT = iphoneos;
				SWIFT_COMPILATION_MODE = wholemodule;
				SWIFT_OPTIMIZATION_LEVEL = "-O";
				VALIDATE_PRODUCT = YES;
			};
			name = Release;
		};
		B83BD8D3266D9F4C008270E4 /* Debug */ = {
			isa = XCBuildConfiguration;
			buildSettings = {
				ASSETCATALOG_COMPILER_APPICON_NAME = AppIcon;
				ASSETCATALOG_COMPILER_GLOBAL_ACCENT_COLOR_NAME = AccentColor;
				CODE_SIGN_STYLE = Automatic;
				DEVELOPMENT_TEAM = 7KM97QA9RJ;
				INFOPLIST_FILE = "xkcd viewer (Experion)/Info.plist";
				LD_RUNPATH_SEARCH_PATHS = (
					"$(inherited)",
					"@executable_path/Frameworks",
				);
				PRODUCT_BUNDLE_IDENTIFIER = "dev.blakeboxberger.xkcd-viewer--Experion-";
				PRODUCT_NAME = "$(TARGET_NAME)";
				SWIFT_VERSION = 5.0;
				TARGETED_DEVICE_FAMILY = "1,2";
			};
			name = Debug;
		};
		B83BD8D4266D9F4C008270E4 /* Release */ = {
			isa = XCBuildConfiguration;
			buildSettings = {
				ASSETCATALOG_COMPILER_APPICON_NAME = AppIcon;
				ASSETCATALOG_COMPILER_GLOBAL_ACCENT_COLOR_NAME = AccentColor;
				CODE_SIGN_STYLE = Automatic;
				DEVELOPMENT_TEAM = 7KM97QA9RJ;
				INFOPLIST_FILE = "xkcd viewer (Experion)/Info.plist";
				LD_RUNPATH_SEARCH_PATHS = (
					"$(inherited)",
					"@executable_path/Frameworks",
				);
				PRODUCT_BUNDLE_IDENTIFIER = "dev.blakeboxberger.xkcd-viewer--Experion-";
				PRODUCT_NAME = "$(TARGET_NAME)";
				SWIFT_VERSION = 5.0;
				TARGETED_DEVICE_FAMILY = "1,2";
			};
			name = Release;
		};
/* End XCBuildConfiguration section */

/* Begin XCConfigurationList section */
		B83BD8B9266D9F4C008270E4 /* Build configuration list for PBXProject "xkcd viewer (Experion)" */ = {
			isa = XCConfigurationList;
			buildConfigurations = (
				B83BD8D0266D9F4C008270E4 /* Debug */,
				B83BD8D1266D9F4C008270E4 /* Release */,
			);
			defaultConfigurationIsVisible = 0;
			defaultConfigurationName = Release;
		};
		B83BD8D2266D9F4C008270E4 /* Build configuration list for PBXNativeTarget "xkcd viewer (Experion)" */ = {
			isa = XCConfigurationList;
			buildConfigurations = (
				B83BD8D3266D9F4C008270E4 /* Debug */,
				B83BD8D4266D9F4C008270E4 /* Release */,
			);
			defaultConfigurationIsVisible = 0;
			defaultConfigurationName = Release;
		};
/* End XCConfigurationList section */

/* Begin XCRemoteSwiftPackageReference section */
		B83BD8DD266DB657008270E4 /* XCRemoteSwiftPackageReference "SDWebImage" */ = {
			isa = XCRemoteSwiftPackageReference;
			repositoryURL = "https://github.com/SDWebImage/SDWebImage.git";
			requirement = {
				kind = upToNextMajorVersion;
				minimumVersion = 5.11.1;
			};
		};
/* End XCRemoteSwiftPackageReference section */

/* Begin XCSwiftPackageProductDependency section */
		B83BD8DE266DB657008270E4 /* SDWebImage */ = {
			isa = XCSwiftPackageProductDependency;
			package = B83BD8DD266DB657008270E4 /* XCRemoteSwiftPackageReference "SDWebImage" */;
			productName = SDWebImage;
		};
/* End XCSwiftPackageProductDependency section */
	};
	rootObject = B83BD8B6266D9F4C008270E4 /* Project object */;
}
